// !$*UTF8*$!
{
	archiveVersion = 1;
	classes = {
	};
	objectVersion = 48;
	objects = {

/* Begin PBXBuildFile section */
		A0387C4A21E0B03400ED37DE /* RestConnector+EndPoints.swift in Sources */ = {isa = PBXBuildFile; fileRef = A0387C4521E0B03300ED37DE /* RestConnector+EndPoints.swift */; };
		A0387C4B21E0B03400ED37DE /* ServiceConstant.swift in Sources */ = {isa = PBXBuildFile; fileRef = A0387C4621E0B03400ED37DE /* ServiceConstant.swift */; };
		A0387C4C21E0B03400ED37DE /* RestInterface.swift in Sources */ = {isa = PBXBuildFile; fileRef = A0387C4721E0B03400ED37DE /* RestInterface.swift */; };
		A0387C4D21E0B03400ED37DE /* RestConnector.swift in Sources */ = {isa = PBXBuildFile; fileRef = A0387C4821E0B03400ED37DE /* RestConnector.swift */; };
		A0387C4E21E0B03400ED37DE /* ServiceModel.swift in Sources */ = {isa = PBXBuildFile; fileRef = A0387C4921E0B03400ED37DE /* ServiceModel.swift */; };
		A0387C5021E0B56600ED37DE /* BidListViewController.swift in Sources */ = {isa = PBXBuildFile; fileRef = A0387C4F21E0B56600ED37DE /* BidListViewController.swift */; };
		A0387C5321E0B66500ED37DE /* BidTableViewCell.swift in Sources */ = {isa = PBXBuildFile; fileRef = A0387C5121E0B66500ED37DE /* BidTableViewCell.swift */; };
		A0387C5421E0B66500ED37DE /* BidTableViewCell.xib in Resources */ = {isa = PBXBuildFile; fileRef = A0387C5221E0B66500ED37DE /* BidTableViewCell.xib */; };
		A1B9661821E0A684003DD653 /* AppDelegate.swift in Sources */ = {isa = PBXBuildFile; fileRef = A1B9661721E0A684003DD653 /* AppDelegate.swift */; };
		A1B9661A21E0A684003DD653 /* ViewController.swift in Sources */ = {isa = PBXBuildFile; fileRef = A1B9661921E0A684003DD653 /* ViewController.swift */; };
		A1B9661D21E0A684003DD653 /* Main.storyboard in Resources */ = {isa = PBXBuildFile; fileRef = A1B9661B21E0A684003DD653 /* Main.storyboard */; };
		A1B9662021E0A684003DD653 /* BidBuddy.xcdatamodeld in Sources */ = {isa = PBXBuildFile; fileRef = A1B9661E21E0A684003DD653 /* BidBuddy.xcdatamodeld */; };
		A1B9662221E0A684003DD653 /* Assets.xcassets in Resources */ = {isa = PBXBuildFile; fileRef = A1B9662121E0A684003DD653 /* Assets.xcassets */; };
		A1B9662521E0A684003DD653 /* LaunchScreen.storyboard in Resources */ = {isa = PBXBuildFile; fileRef = A1B9662321E0A684003DD653 /* LaunchScreen.storyboard */; };
		A1B9663021E0A684003DD653 /* BidBuddyTests.swift in Sources */ = {isa = PBXBuildFile; fileRef = A1B9662F21E0A684003DD653 /* BidBuddyTests.swift */; };
		A1B9663B21E0A685003DD653 /* BidBuddyUITests.swift in Sources */ = {isa = PBXBuildFile; fileRef = A1B9663A21E0A685003DD653 /* BidBuddyUITests.swift */; };
		A1B9665521E0BBD6003DD653 /* Request.swift in Sources */ = {isa = PBXBuildFile; fileRef = A1B9665421E0BBD6003DD653 /* Request.swift */; };
		A1B9665721E0C129003DD653 /* CarBid.storyboard in Resources */ = {isa = PBXBuildFile; fileRef = A1B9665621E0C129003DD653 /* CarBid.storyboard */; };
		A1B9665921E0C3BD003DD653 /* BidDetailViewController.swift in Sources */ = {isa = PBXBuildFile; fileRef = A1B9665821E0C3BD003DD653 /* BidDetailViewController.swift */; };
/* End PBXBuildFile section */

/* Begin PBXContainerItemProxy section */
		A1B9662C21E0A684003DD653 /* PBXContainerItemProxy */ = {
			isa = PBXContainerItemProxy;
			containerPortal = A1B9660C21E0A684003DD653 /* Project object */;
			proxyType = 1;
			remoteGlobalIDString = A1B9661321E0A684003DD653;
			remoteInfo = BidBuddy;
		};
		A1B9663721E0A685003DD653 /* PBXContainerItemProxy */ = {
			isa = PBXContainerItemProxy;
			containerPortal = A1B9660C21E0A684003DD653 /* Project object */;
			proxyType = 1;
			remoteGlobalIDString = A1B9661321E0A684003DD653;
			remoteInfo = BidBuddy;
		};
/* End PBXContainerItemProxy section */

/* Begin PBXFileReference section */
		A0387C4521E0B03300ED37DE /* RestConnector+EndPoints.swift */ = {isa = PBXFileReference; lastKnownFileType = sourcecode.swift; path = "RestConnector+EndPoints.swift"; sourceTree = "<group>"; };
		A0387C4621E0B03400ED37DE /* ServiceConstant.swift */ = {isa = PBXFileReference; lastKnownFileType = sourcecode.swift; path = ServiceConstant.swift; sourceTree = "<group>"; };
		A0387C4721E0B03400ED37DE /* RestInterface.swift */ = {isa = PBXFileReference; lastKnownFileType = sourcecode.swift; path = RestInterface.swift; sourceTree = "<group>"; };
		A0387C4821E0B03400ED37DE /* RestConnector.swift */ = {isa = PBXFileReference; lastKnownFileType = sourcecode.swift; path = RestConnector.swift; sourceTree = "<group>"; };
		A0387C4921E0B03400ED37DE /* ServiceModel.swift */ = {isa = PBXFileReference; lastKnownFileType = sourcecode.swift; path = ServiceModel.swift; sourceTree = "<group>"; };
		A0387C4F21E0B56600ED37DE /* BidListViewController.swift */ = {isa = PBXFileReference; lastKnownFileType = sourcecode.swift; path = BidListViewController.swift; sourceTree = "<group>"; };
		A0387C5121E0B66500ED37DE /* BidTableViewCell.swift */ = {isa = PBXFileReference; lastKnownFileType = sourcecode.swift; path = BidTableViewCell.swift; sourceTree = "<group>"; };
		A0387C5221E0B66500ED37DE /* BidTableViewCell.xib */ = {isa = PBXFileReference; lastKnownFileType = file.xib; path = BidTableViewCell.xib; sourceTree = "<group>"; };
		A1B9661421E0A684003DD653 /* BidBuddy.app */ = {isa = PBXFileReference; explicitFileType = wrapper.application; includeInIndex = 0; path = BidBuddy.app; sourceTree = BUILT_PRODUCTS_DIR; };
		A1B9661721E0A684003DD653 /* AppDelegate.swift */ = {isa = PBXFileReference; lastKnownFileType = sourcecode.swift; path = AppDelegate.swift; sourceTree = "<group>"; };
		A1B9661921E0A684003DD653 /* ViewController.swift */ = {isa = PBXFileReference; lastKnownFileType = sourcecode.swift; path = ViewController.swift; sourceTree = "<group>"; };
		A1B9661C21E0A684003DD653 /* Base */ = {isa = PBXFileReference; lastKnownFileType = file.storyboard; name = Base; path = Base.lproj/Main.storyboard; sourceTree = "<group>"; };
		A1B9661F21E0A684003DD653 /* BidBuddy.xcdatamodel */ = {isa = PBXFileReference; lastKnownFileType = wrapper.xcdatamodel; path = BidBuddy.xcdatamodel; sourceTree = "<group>"; };
		A1B9662121E0A684003DD653 /* Assets.xcassets */ = {isa = PBXFileReference; lastKnownFileType = folder.assetcatalog; path = Assets.xcassets; sourceTree = "<group>"; };
		A1B9662421E0A684003DD653 /* Base */ = {isa = PBXFileReference; lastKnownFileType = file.storyboard; name = Base; path = Base.lproj/LaunchScreen.storyboard; sourceTree = "<group>"; };
		A1B9662621E0A684003DD653 /* Info.plist */ = {isa = PBXFileReference; lastKnownFileType = text.plist.xml; path = Info.plist; sourceTree = "<group>"; };
		A1B9662B21E0A684003DD653 /* BidBuddyTests.xctest */ = {isa = PBXFileReference; explicitFileType = wrapper.cfbundle; includeInIndex = 0; path = BidBuddyTests.xctest; sourceTree = BUILT_PRODUCTS_DIR; };
		A1B9662F21E0A684003DD653 /* BidBuddyTests.swift */ = {isa = PBXFileReference; lastKnownFileType = sourcecode.swift; path = BidBuddyTests.swift; sourceTree = "<group>"; };
		A1B9663121E0A685003DD653 /* Info.plist */ = {isa = PBXFileReference; lastKnownFileType = text.plist.xml; path = Info.plist; sourceTree = "<group>"; };
		A1B9663621E0A685003DD653 /* BidBuddyUITests.xctest */ = {isa = PBXFileReference; explicitFileType = wrapper.cfbundle; includeInIndex = 0; path = BidBuddyUITests.xctest; sourceTree = BUILT_PRODUCTS_DIR; };
		A1B9663A21E0A685003DD653 /* BidBuddyUITests.swift */ = {isa = PBXFileReference; lastKnownFileType = sourcecode.swift; path = BidBuddyUITests.swift; sourceTree = "<group>"; };
		A1B9663C21E0A685003DD653 /* Info.plist */ = {isa = PBXFileReference; lastKnownFileType = text.plist.xml; path = Info.plist; sourceTree = "<group>"; };
		A1B9665421E0BBD6003DD653 /* Request.swift */ = {isa = PBXFileReference; lastKnownFileType = sourcecode.swift; path = Request.swift; sourceTree = "<group>"; };
		A1B9665621E0C129003DD653 /* CarBid.storyboard */ = {isa = PBXFileReference; lastKnownFileType = file.storyboard; path = CarBid.storyboard; sourceTree = "<group>"; };
		A1B9665821E0C3BD003DD653 /* BidDetailViewController.swift */ = {isa = PBXFileReference; lastKnownFileType = sourcecode.swift; path = BidDetailViewController.swift; sourceTree = "<group>"; };
/* End PBXFileReference section */

/* Begin PBXFrameworksBuildPhase section */
		A1B9661121E0A684003DD653 /* Frameworks */ = {
			isa = PBXFrameworksBuildPhase;
			buildActionMask = 2147483647;
			files = (
			);
			runOnlyForDeploymentPostprocessing = 0;
		};
		A1B9662821E0A684003DD653 /* Frameworks */ = {
			isa = PBXFrameworksBuildPhase;
			buildActionMask = 2147483647;
			files = (
			);
			runOnlyForDeploymentPostprocessing = 0;
		};
		A1B9663321E0A685003DD653 /* Frameworks */ = {
			isa = PBXFrameworksBuildPhase;
			buildActionMask = 2147483647;
			files = (
			);
			runOnlyForDeploymentPostprocessing = 0;
		};
/* End PBXFrameworksBuildPhase section */

/* Begin PBXGroup section */
		A1B9660B21E0A684003DD653 = {
			isa = PBXGroup;
			children = (
				A1B9661621E0A684003DD653 /* BidBuddy */,
				A1B9662E21E0A684003DD653 /* BidBuddyTests */,
				A1B9663921E0A685003DD653 /* BidBuddyUITests */,
				A1B9661521E0A684003DD653 /* Products */,
			);
			sourceTree = "<group>";
		};
		A1B9661521E0A684003DD653 /* Products */ = {
			isa = PBXGroup;
			children = (
				A1B9661421E0A684003DD653 /* BidBuddy.app */,
				A1B9662B21E0A684003DD653 /* BidBuddyTests.xctest */,
				A1B9663621E0A685003DD653 /* BidBuddyUITests.xctest */,
			);
			name = Products;
			sourceTree = "<group>";
		};
		A1B9661621E0A684003DD653 /* BidBuddy */ = {
			isa = PBXGroup;
			children = (
				A0387C4821E0B03400ED37DE /* RestConnector.swift */,
				A0387C4521E0B03300ED37DE /* RestConnector+EndPoints.swift */,
				A1B9665821E0C3BD003DD653 /* BidDetailViewController.swift */,
				A0387C4721E0B03400ED37DE /* RestInterface.swift */,
				A1B9665421E0BBD6003DD653 /* Request.swift */,
				A0387C4621E0B03400ED37DE /* ServiceConstant.swift */,
				A0387C4921E0B03400ED37DE /* ServiceModel.swift */,
				A1B9665621E0C129003DD653 /* CarBid.storyboard */,
				A1B9661721E0A684003DD653 /* AppDelegate.swift */,
				A1B9661921E0A684003DD653 /* ViewController.swift */,
				A0387C4F21E0B56600ED37DE /* BidListViewController.swift */,
				A1B9661B21E0A684003DD653 /* Main.storyboard */,
				A0387C5121E0B66500ED37DE /* BidTableViewCell.swift */,
				A0387C5221E0B66500ED37DE /* BidTableViewCell.xib */,
				A1B9662121E0A684003DD653 /* Assets.xcassets */,
				A1B9662321E0A684003DD653 /* LaunchScreen.storyboard */,
				A1B9662621E0A684003DD653 /* Info.plist */,
				A1B9661E21E0A684003DD653 /* BidBuddy.xcdatamodeld */,
			);
			path = BidBuddy;
			sourceTree = "<group>";
		};
		A1B9662E21E0A684003DD653 /* BidBuddyTests */ = {
			isa = PBXGroup;
			children = (
				A1B9662F21E0A684003DD653 /* BidBuddyTests.swift */,
				A1B9663121E0A685003DD653 /* Info.plist */,
			);
			path = BidBuddyTests;
			sourceTree = "<group>";
		};
		A1B9663921E0A685003DD653 /* BidBuddyUITests */ = {
			isa = PBXGroup;
			children = (
				A1B9663A21E0A685003DD653 /* BidBuddyUITests.swift */,
				A1B9663C21E0A685003DD653 /* Info.plist */,
			);
			path = BidBuddyUITests;
			sourceTree = "<group>";
		};
/* End PBXGroup section */

/* Begin PBXNativeTarget section */
		A1B9661321E0A684003DD653 /* BidBuddy */ = {
			isa = PBXNativeTarget;
			buildConfigurationList = A1B9663F21E0A685003DD653 /* Build configuration list for PBXNativeTarget "BidBuddy" */;
			buildPhases = (
				A1B9661021E0A684003DD653 /* Sources */,
				A1B9661121E0A684003DD653 /* Frameworks */,
				A1B9661221E0A684003DD653 /* Resources */,
			);
			buildRules = (
			);
			dependencies = (
			);
			name = BidBuddy;
			productName = BidBuddy;
			productReference = A1B9661421E0A684003DD653 /* BidBuddy.app */;
			productType = "com.apple.product-type.application";
		};
		A1B9662A21E0A684003DD653 /* BidBuddyTests */ = {
			isa = PBXNativeTarget;
			buildConfigurationList = A1B9664221E0A685003DD653 /* Build configuration list for PBXNativeTarget "BidBuddyTests" */;
			buildPhases = (
				A1B9662721E0A684003DD653 /* Sources */,
				A1B9662821E0A684003DD653 /* Frameworks */,
				A1B9662921E0A684003DD653 /* Resources */,
			);
			buildRules = (
			);
			dependencies = (
				A1B9662D21E0A684003DD653 /* PBXTargetDependency */,
			);
			name = BidBuddyTests;
			productName = BidBuddyTests;
			productReference = A1B9662B21E0A684003DD653 /* BidBuddyTests.xctest */;
			productType = "com.apple.product-type.bundle.unit-test";
		};
		A1B9663521E0A685003DD653 /* BidBuddyUITests */ = {
			isa = PBXNativeTarget;
			buildConfigurationList = A1B9664521E0A685003DD653 /* Build configuration list for PBXNativeTarget "BidBuddyUITests" */;
			buildPhases = (
				A1B9663221E0A685003DD653 /* Sources */,
				A1B9663321E0A685003DD653 /* Frameworks */,
				A1B9663421E0A685003DD653 /* Resources */,
			);
			buildRules = (
			);
			dependencies = (
				A1B9663821E0A685003DD653 /* PBXTargetDependency */,
			);
			name = BidBuddyUITests;
			productName = BidBuddyUITests;
			productReference = A1B9663621E0A685003DD653 /* BidBuddyUITests.xctest */;
			productType = "com.apple.product-type.bundle.ui-testing";
		};
/* End PBXNativeTarget section */

/* Begin PBXProject section */
		A1B9660C21E0A684003DD653 /* Project object */ = {
			isa = PBXProject;
			attributes = {
				LastSwiftUpdateCheck = 0920;
				LastUpgradeCheck = 0920;
				ORGANIZATIONNAME = Akhila;
				TargetAttributes = {
					A1B9661321E0A684003DD653 = {
						CreatedOnToolsVersion = 9.2;
						ProvisioningStyle = Automatic;
					};
					A1B9662A21E0A684003DD653 = {
						CreatedOnToolsVersion = 9.2;
						ProvisioningStyle = Automatic;
						TestTargetID = A1B9661321E0A684003DD653;
					};
					A1B9663521E0A685003DD653 = {
						CreatedOnToolsVersion = 9.2;
						ProvisioningStyle = Automatic;
						TestTargetID = A1B9661321E0A684003DD653;
					};
				};
			};
			buildConfigurationList = A1B9660F21E0A684003DD653 /* Build configuration list for PBXProject "BidBuddy" */;
			compatibilityVersion = "Xcode 8.0";
			developmentRegion = en;
			hasScannedForEncodings = 0;
			knownRegions = (
				en,
				Base,
			);
			mainGroup = A1B9660B21E0A684003DD653;
			productRefGroup = A1B9661521E0A684003DD653 /* Products */;
			projectDirPath = "";
			projectRoot = "";
			targets = (
				A1B9661321E0A684003DD653 /* BidBuddy */,
				A1B9662A21E0A684003DD653 /* BidBuddyTests */,
				A1B9663521E0A685003DD653 /* BidBuddyUITests */,
			);
		};
/* End PBXProject section */

/* Begin PBXResourcesBuildPhase section */
		A1B9661221E0A684003DD653 /* Resources */ = {
			isa = PBXResourcesBuildPhase;
			buildActionMask = 2147483647;
			files = (
				A1B9662521E0A684003DD653 /* LaunchScreen.storyboard in Resources */,
				A1B9662221E0A684003DD653 /* Assets.xcassets in Resources */,
				A1B9665721E0C129003DD653 /* CarBid.storyboard in Resources */,
				A1B9661D21E0A684003DD653 /* Main.storyboard in Resources */,
				A0387C5421E0B66500ED37DE /* BidTableViewCell.xib in Resources */,
			);
			runOnlyForDeploymentPostprocessing = 0;
		};
		A1B9662921E0A684003DD653 /* Resources */ = {
			isa = PBXResourcesBuildPhase;
			buildActionMask = 2147483647;
			files = (
			);
			runOnlyForDeploymentPostprocessing = 0;
		};
		A1B9663421E0A685003DD653 /* Resources */ = {
			isa = PBXResourcesBuildPhase;
			buildActionMask = 2147483647;
			files = (
			);
			runOnlyForDeploymentPostprocessing = 0;
		};
/* End PBXResourcesBuildPhase section */

/* Begin PBXSourcesBuildPhase section */
		A1B9661021E0A684003DD653 /* Sources */ = {
			isa = PBXSourcesBuildPhase;
			buildActionMask = 2147483647;
			files = (
				A0387C4B21E0B03400ED37DE /* ServiceConstant.swift in Sources */,
				A1B9665921E0C3BD003DD653 /* BidDetailViewController.swift in Sources */,
				A0387C4A21E0B03400ED37DE /* RestConnector+EndPoints.swift in Sources */,
				A0387C4D21E0B03400ED37DE /* RestConnector.swift in Sources */,
				A1B9661A21E0A684003DD653 /* ViewController.swift in Sources */,
				A1B9662021E0A684003DD653 /* BidBuddy.xcdatamodeld in Sources */,
				A1B9661821E0A684003DD653 /* AppDelegate.swift in Sources */,
				A0387C5021E0B56600ED37DE /* BidListViewController.swift in Sources */,
				A0387C5321E0B66500ED37DE /* BidTableViewCell.swift in Sources */,
				A0387C4C21E0B03400ED37DE /* RestInterface.swift in Sources */,
				A1B9665521E0BBD6003DD653 /* Request.swift in Sources */,
				A0387C4E21E0B03400ED37DE /* ServiceModel.swift in Sources */,
			);
			runOnlyForDeploymentPostprocessing = 0;
		};
		A1B9662721E0A684003DD653 /* Sources */ = {
			isa = PBXSourcesBuildPhase;
			buildActionMask = 2147483647;
			files = (
				A1B9663021E0A684003DD653 /* BidBuddyTests.swift in Sources */,
			);
			runOnlyForDeploymentPostprocessing = 0;
		};
		A1B9663221E0A685003DD653 /* Sources */ = {
			isa = PBXSourcesBuildPhase;
			buildActionMask = 2147483647;
			files = (
				A1B9663B21E0A685003DD653 /* BidBuddyUITests.swift in Sources */,
			);
			runOnlyForDeploymentPostprocessing = 0;
		};
/* End PBXSourcesBuildPhase section */

/* Begin PBXTargetDependency section */
		A1B9662D21E0A684003DD653 /* PBXTargetDependency */ = {
			isa = PBXTargetDependency;
			target = A1B9661321E0A684003DD653 /* BidBuddy */;
			targetProxy = A1B9662C21E0A684003DD653 /* PBXContainerItemProxy */;
		};
		A1B9663821E0A685003DD653 /* PBXTargetDependency */ = {
			isa = PBXTargetDependency;
			target = A1B9661321E0A684003DD653 /* BidBuddy */;
			targetProxy = A1B9663721E0A685003DD653 /* PBXContainerItemProxy */;
		};
/* End PBXTargetDependency section */

/* Begin PBXVariantGroup section */
		A1B9661B21E0A684003DD653 /* Main.storyboard */ = {
			isa = PBXVariantGroup;
			children = (
				A1B9661C21E0A684003DD653 /* Base */,
			);
			name = Main.storyboard;
			sourceTree = "<group>";
		};
		A1B9662321E0A684003DD653 /* LaunchScreen.storyboard */ = {
			isa = PBXVariantGroup;
			children = (
				A1B9662421E0A684003DD653 /* Base */,
			);
			name = LaunchScreen.storyboard;
			sourceTree = "<group>";
		};
/* End PBXVariantGroup section */

/* Begin XCBuildConfiguration section */
		A1B9663D21E0A685003DD653 /* Debug */ = {
			isa = XCBuildConfiguration;
			buildSettings = {
				ALWAYS_SEARCH_USER_PATHS = NO;
				CLANG_ANALYZER_NONNULL = YES;
				CLANG_ANALYZER_NUMBER_OBJECT_CONVERSION = YES_AGGRESSIVE;
				CLANG_CXX_LANGUAGE_STANDARD = "gnu++14";
				CLANG_CXX_LIBRARY = "libc++";
				CLANG_ENABLE_MODULES = YES;
				CLANG_ENABLE_OBJC_ARC = YES;
				CLANG_WARN_BLOCK_CAPTURE_AUTORELEASING = YES;
				CLANG_WARN_BOOL_CONVERSION = YES;
				CLANG_WARN_COMMA = YES;
				CLANG_WARN_CONSTANT_CONVERSION = YES;
				CLANG_WARN_DIRECT_OBJC_ISA_USAGE = YES_ERROR;
				CLANG_WARN_DOCUMENTATION_COMMENTS = YES;
				CLANG_WARN_EMPTY_BODY = YES;
				CLANG_WARN_ENUM_CONVERSION = YES;
				CLANG_WARN_INFINITE_RECURSION = YES;
				CLANG_WARN_INT_CONVERSION = YES;
				CLANG_WARN_NON_LITERAL_NULL_CONVERSION = YES;
				CLANG_WARN_OBJC_LITERAL_CONVERSION = YES;
				CLANG_WARN_OBJC_ROOT_CLASS = YES_ERROR;
				CLANG_WARN_RANGE_LOOP_ANALYSIS = YES;
				CLANG_WARN_STRICT_PROTOTYPES = YES;
				CLANG_WARN_SUSPICIOUS_MOVE = YES;
				CLANG_WARN_UNGUARDED_AVAILABILITY = YES_AGGRESSIVE;
				CLANG_WARN_UNREACHABLE_CODE = YES;
				CLANG_WARN__DUPLICATE_METHOD_MATCH = YES;
				CODE_SIGN_IDENTITY = "iPhone Developer";
				COPY_PHASE_STRIP = NO;
				DEBUG_INFORMATION_FORMAT = dwarf;
				ENABLE_STRICT_OBJC_MSGSEND = YES;
				ENABLE_TESTABILITY = YES;
				GCC_C_LANGUAGE_STANDARD = gnu11;
				GCC_DYNAMIC_NO_PIC = NO;
				GCC_NO_COMMON_BLOCKS = YES;
				GCC_OPTIMIZATION_LEVEL = 0;
				GCC_PREPROCESSOR_DEFINITIONS = (
					"DEBUG=1",
					"$(inherited)",
				);
				GCC_WARN_64_TO_32_BIT_CONVERSION = YES;
				GCC_WARN_ABOUT_RETURN_TYPE = YES_ERROR;
				GCC_WARN_UNDECLARED_SELECTOR = YES;
				GCC_WARN_UNINITIALIZED_AUTOS = YES_AGGRESSIVE;
				GCC_WARN_UNUSED_FUNCTION = YES;
				GCC_WARN_UNUSED_VARIABLE = YES;
				IPHONEOS_DEPLOYMENT_TARGET = 11.2;
				MTL_ENABLE_DEBUG_INFO = YES;
				ONLY_ACTIVE_ARCH = YES;
				SDKROOT = iphoneos;
				SWIFT_ACTIVE_COMPILATION_CONDITIONS = DEBUG;
				SWIFT_OPTIMIZATION_LEVEL = "-Onone";
			};
			name = Debug;
		};
		A1B9663E21E0A685003DD653 /* Release */ = {
			isa = XCBuildConfiguration;
			buildSettings = {
				ALWAYS_SEARCH_USER_PATHS = NO;
				CLANG_ANALYZER_NONNULL = YES;
				CLANG_ANALYZER_NUMBER_OBJECT_CONVERSION = YES_AGGRESSIVE;
				CLANG_CXX_LANGUAGE_STANDARD = "gnu++14";
				CLANG_CXX_LIBRARY = "libc++";
				CLANG_ENABLE_MODULES = YES;
				CLANG_ENABLE_OBJC_ARC = YES;
				CLANG_WARN_BLOCK_CAPTURE_AUTORELEASING = YES;
				CLANG_WARN_BOOL_CONVERSION = YES;
				CLANG_WARN_COMMA = YES;
				CLANG_WARN_CONSTANT_CONVERSION = YES;
				CLANG_WARN_DIRECT_OBJC_ISA_USAGE = YES_ERROR;
				CLANG_WARN_DOCUMENTATION_COMMENTS = YES;
				CLANG_WARN_EMPTY_BODY = YES;
				CLANG_WARN_ENUM_CONVERSION = YES;
				CLANG_WARN_INFINITE_RECURSION = YES;
				CLANG_WARN_INT_CONVERSION = YES;
				CLANG_WARN_NON_LITERAL_NULL_CONVERSION = YES;
				CLANG_WARN_OBJC_LITERAL_CONVERSION = YES;
				CLANG_WARN_OBJC_ROOT_CLASS = YES_ERROR;
				CLANG_WARN_RANGE_LOOP_ANALYSIS = YES;
				CLANG_WARN_STRICT_PROTOTYPES = YES;
				CLANG_WARN_SUSPICIOUS_MOVE = YES;
				CLANG_WARN_UNGUARDED_AVAILABILITY = YES_AGGRESSIVE;
				CLANG_WARN_UNREACHABLE_CODE = YES;
				CLANG_WARN__DUPLICATE_METHOD_MATCH = YES;
				CODE_SIGN_IDENTITY = "iPhone Developer";
				COPY_PHASE_STRIP = NO;
				DEBUG_INFORMATION_FORMAT = "dwarf-with-dsym";
				ENABLE_NS_ASSERTIONS = NO;
				ENABLE_STRICT_OBJC_MSGSEND = YES;
				GCC_C_LANGUAGE_STANDARD = gnu11;
				GCC_NO_COMMON_BLOCKS = YES;
				GCC_WARN_64_TO_32_BIT_CONVERSION = YES;
				GCC_WARN_ABOUT_RETURN_TYPE = YES_ERROR;
				GCC_WARN_UNDECLARED_SELECTOR = YES;
				GCC_WARN_UNINITIALIZED_AUTOS = YES_AGGRESSIVE;
				GCC_WARN_UNUSED_FUNCTION = YES;
				GCC_WARN_UNUSED_VARIABLE = YES;
				IPHONEOS_DEPLOYMENT_TARGET = 11.2;
				MTL_ENABLE_DEBUG_INFO = NO;
				SDKROOT = iphoneos;
				SWIFT_OPTIMIZATION_LEVEL = "-Owholemodule";
				VALIDATE_PRODUCT = YES;
			};
			name = Release;
		};
		A1B9664021E0A685003DD653 /* Debug */ = {
			isa = XCBuildConfiguration;
			buildSettings = {
				ASSETCATALOG_COMPILER_APPICON_NAME = AppIcon;
				CODE_SIGN_STYLE = Automatic;
				DEVELOPMENT_TEAM = J47U6Q9N4M;
				INFOPLIST_FILE = BidBuddy/Info.plist;
				LD_RUNPATH_SEARCH_PATHS = "$(inherited) @executable_path/Frameworks";
				PRODUCT_BUNDLE_IDENTIFIER = Akhila.BidBuddy;
				PRODUCT_NAME = "$(TARGET_NAME)";
				SWIFT_VERSION = 4.0;
				TARGETED_DEVICE_FAMILY = "1,2";
			};
			name = Debug;
		};
		A1B9664121E0A685003DD653 /* Release */ = {
			isa = XCBuildConfiguration;
			buildSettings = {
				ASSETCATALOG_COMPILER_APPICON_NAME = AppIcon;
				CODE_SIGN_STYLE = Automatic;
				DEVELOPMENT_TEAM = J47U6Q9N4M;
				INFOPLIST_FILE = BidBuddy/Info.plist;
				LD_RUNPATH_SEARCH_PATHS = "$(inherited) @executable_path/Frameworks";
				PRODUCT_BUNDLE_IDENTIFIER = Akhila.BidBuddy;
				PRODUCT_NAME = "$(TARGET_NAME)";
				SWIFT_VERSION = 4.0;
				TARGETED_DEVICE_FAMILY = "1,2";
			};
			name = Release;
		};
		A1B9664321E0A685003DD653 /* Debug */ = {
			isa = XCBuildConfiguration;
			buildSettings = {
				ALWAYS_EMBED_SWIFT_STANDARD_LIBRARIES = YES;
				BUNDLE_LOADER = "$(TEST_HOST)";
				CODE_SIGN_STYLE = Automatic;
				DEVELOPMENT_TEAM = J47U6Q9N4M;
				INFOPLIST_FILE = BidBuddyTests/Info.plist;
				LD_RUNPATH_SEARCH_PATHS = "$(inherited) @executable_path/Frameworks @loader_path/Frameworks";
				PRODUCT_BUNDLE_IDENTIFIER = Akhila.BidBuddyTests;
				PRODUCT_NAME = "$(TARGET_NAME)";
				SWIFT_VERSION = 4.0;
				TARGETED_DEVICE_FAMILY = "1,2";
				TEST_HOST = "$(BUILT_PRODUCTS_DIR)/BidBuddy.app/BidBuddy";
			};
			name = Debug;
		};
		A1B9664421E0A685003DD653 /* Release */ = {
			isa = XCBuildConfiguration;
			buildSettings = {
				ALWAYS_EMBED_SWIFT_STANDARD_LIBRARIES = YES;
				BUNDLE_LOADER = "$(TEST_HOST)";
				CODE_SIGN_STYLE = Automatic;
				DEVELOPMENT_TEAM = J47U6Q9N4M;
				INFOPLIST_FILE = BidBuddyTests/Info.plist;
				LD_RUNPATH_SEARCH_PATHS = "$(inherited) @executable_path/Frameworks @loader_path/Frameworks";
				PRODUCT_BUNDLE_IDENTIFIER = Akhila.BidBuddyTests;
				PRODUCT_NAME = "$(TARGET_NAME)";
				SWIFT_VERSION = 4.0;
				TARGETED_DEVICE_FAMILY = "1,2";
				TEST_HOST = "$(BUILT_PRODUCTS_DIR)/BidBuddy.app/BidBuddy";
			};
			name = Release;
		};
		A1B9664621E0A685003DD653 /* Debug */ = {
			isa = XCBuildConfiguration;
			buildSettings = {
				ALWAYS_EMBED_SWIFT_STANDARD_LIBRARIES = YES;
				CODE_SIGN_STYLE = Automatic;
				DEVELOPMENT_TEAM = J47U6Q9N4M;
				INFOPLIST_FILE = BidBuddyUITests/Info.plist;
				LD_RUNPATH_SEARCH_PATHS = "$(inherited) @executable_path/Frameworks @loader_path/Frameworks";
				PRODUCT_BUNDLE_IDENTIFIER = Akhila.BidBuddyUITests;
				PRODUCT_NAME = "$(TARGET_NAME)";
				SWIFT_VERSION = 4.0;
				TARGETED_DEVICE_FAMILY = "1,2";
				TEST_TARGET_NAME = BidBuddy;
			};
			name = Debug;
		};
		A1B9664721E0A685003DD653 /* Release */ = {
			isa = XCBuildConfiguration;
			buildSettings = {
				ALWAYS_EMBED_SWIFT_STANDARD_LIBRARIES = YES;
				CODE_SIGN_STYLE = Automatic;
				DEVELOPMENT_TEAM = J47U6Q9N4M;
				INFOPLIST_FILE = BidBuddyUITests/Info.plist;
				LD_RUNPATH_SEARCH_PATHS = "$(inherited) @executable_path/Frameworks @loader_path/Frameworks";
				PRODUCT_BUNDLE_IDENTIFIER = Akhila.BidBuddyUITests;
				PRODUCT_NAME = "$(TARGET_NAME)";
				SWIFT_VERSION = 4.0;
				TARGETED_DEVICE_FAMILY = "1,2";
				TEST_TARGET_NAME = BidBuddy;
			};
			name = Release;
		};
/* End XCBuildConfiguration section */

/* Begin XCConfigurationList section */
		A1B9660F21E0A684003DD653 /* Build configuration list for PBXProject "BidBuddy" */ = {
			isa = XCConfigurationList;
			buildConfigurations = (
				A1B9663D21E0A685003DD653 /* Debug */,
				A1B9663E21E0A685003DD653 /* Release */,
			);
			defaultConfigurationIsVisible = 0;
			defaultConfigurationName = Release;
		};
		A1B9663F21E0A685003DD653 /* Build configuration list for PBXNativeTarget "BidBuddy" */ = {
			isa = XCConfigurationList;
			buildConfigurations = (
				A1B9664021E0A685003DD653 /* Debug */,
				A1B9664121E0A685003DD653 /* Release */,
			);
			defaultConfigurationIsVisible = 0;
			defaultConfigurationName = Release;
		};
		A1B9664221E0A685003DD653 /* Build configuration list for PBXNativeTarget "BidBuddyTests" */ = {
			isa = XCConfigurationList;
			buildConfigurations = (
				A1B9664321E0A685003DD653 /* Debug */,
				A1B9664421E0A685003DD653 /* Release */,
			);
			defaultConfigurationIsVisible = 0;
			defaultConfigurationName = Release;
		};
		A1B9664521E0A685003DD653 /* Build configuration list for PBXNativeTarget "BidBuddyUITests" */ = {
			isa = XCConfigurationList;
			buildConfigurations = (
				A1B9664621E0A685003DD653 /* Debug */,
				A1B9664721E0A685003DD653 /* Release */,
			);
			defaultConfigurationIsVisible = 0;
			defaultConfigurationName = Release;
		};
/* End XCConfigurationList section */

/* Begin XCVersionGroup section */
		A1B9661E21E0A684003DD653 /* BidBuddy.xcdatamodeld */ = {
			isa = XCVersionGroup;
			children = (
				A1B9661F21E0A684003DD653 /* BidBuddy.xcdatamodel */,
			);
			currentVersion = A1B9661F21E0A684003DD653 /* BidBuddy.xcdatamodel */;
			path = BidBuddy.xcdatamodeld;
			sourceTree = "<group>";
			versionGroupType = wrapper.xcdatamodel;
		};
/* End XCVersionGroup section */
	};
	rootObject = A1B9660C21E0A684003DD653 /* Project object */;
}
